<?xml version="1.0" encoding="utf-8"?>
<Project ToolsVersion="4.0" xmlns="http://schemas.microsoft.com/developer/msbuild/2003">
  <ItemGroup>
    <Filter Include="Source Files">
      <UniqueIdentifier>{4FC737F1-C7A5-4376-A066-2A32D752A2FF}</UniqueIdentifier>
      <Extensions>cpp;c;cc;cxx;c++;cppm;ixx;def;odl;idl;hpj;bat;asm;asmx</Extensions>
    </Filter>
    <Filter Include="Header Files">
      <UniqueIdentifier>{93995380-89BD-4b04-88EB-625FBE52EBFB}</UniqueIdentifier>
      <Extensions>h;hh;hpp;hxx;h++;hm;inl;inc;ipp;xsd</Extensions>
    </Filter>
    <Filter Include="Resource Files">
      <UniqueIdentifier>{67DA6AB6-F800-4c08-8B7A-83BB121AAD01}</UniqueIdentifier>
      <Extensions>rc;ico;cur;bmp;dlg;rc2;rct;bin;rgs;gif;jpg;jpeg;jpe;resx;tiff;tif;png;wav;mfcribbon-ms</Extensions>
    </Filter>
    <Filter Include="Source Files\Boot Sector">
      <UniqueIdentifier>{b177e4a2-5b18-4cc0-b2dd-5b67f348cf49}</UniqueIdentifier>
    </Filter>
    <Filter Include="Source Files\Sectors 2-4">
      <UniqueIdentifier>{dc205c3a-4454-4f21-a426-4a0efa40be43}</UniqueIdentifier>
    </Filter>
  </ItemGroup>
  <ItemGroup>
    <None Include="src\bootloader.asm">
      <Filter>Source Files\Boot Sector</Filter>
    </None>
    <None Include="src\displayMsg.asm">
      <Filter>Source Files\Boot Sector</Filter>
    </None>
    <None Include="src\readDisk.asm">
      <Filter>Source Files\Boot Sector</Filter>
    </None>
    <None Include="src\prgExtension.asm">
      <Filter>Source Files\Sectors 2-4</Filter>
    </None>
  </ItemGroup>
</Project>